<?xml version="1.0" encoding="UTF-8"?>
<CONFIG>
  <ProjectOptions>
    <Version Value="12"/>
    <PathDelim Value="\"/>
    <General>
      <Flags>
        <LRSInOutputDirectory Value="False"/>
        <CompatibilityMode Value="True"/>
      </Flags>
      <AutoCreateForms Value="False"/>
      <Title Value="Diatár64"/>
      <UseAppBundle Value="False"/>
      <Icon Value="0"/>
    </General>
    <VersionInfo>
      <UseVersionInfo Value="True"/>
      <AutoIncrementBuild Value="True"/>
      <BuildNr Value="102"/>
      <Language Value="040E"/>
      <CharSet Value="04B0"/>
      <StringTable ProductVersion="0.0.0.2"/>
    </VersionInfo>
    <BuildModes Count="1">
      <Item1 Name="default" Default="True"/>
    </BuildModes>
    <PublishOptions>
      <Version Value="2"/>
    </PublishOptions>
    <RunParams>
      <local>
        <CommandLineParams Value="/KULDO"/>
      </local>
      <FormatVersion Value="2"/>
      <Modes Count="1">
        <Mode0 Name="default">
          <local>
            <CommandLineParams Value="/KULDO"/>
          </local>
        </Mode0>
      </Modes>
    </RunParams>
    <RequiredPackages Count="4">
      <Item1>
        <PackageName Value="DateTimeCtrls"/>
      </Item1>
      <Item2>
        <PackageName Value="lnetbase"/>
      </Item2>
      <Item3>
        <PackageName Value="FCL"/>
        <MinVersion Major="1" Valid="True"/>
      </Item3>
      <Item4>
        <PackageName Value="LCL"/>
      </Item4>
    </RequiredPackages>
    <Units Count="66">
      <Unit0>
        <Filename Value="Diatar64.lpr"/>
        <IsPartOfProject Value="True"/>
        <EditorIndex Value="-1"/>
        <CursorPos X="12" Y="27"/>
        <UsageCount Value="200"/>
      </Unit0>
      <Unit1>
        <Filename Value="uappform.pas"/>
        <IsPartOfProject Value="True"/>
        <ComponentName Value="AppForm"/>
        <HasResources Value="True"/>
        <ResourceBaseClass Value="Form"/>
        <UnitName Value="uAppForm"/>
        <EditorIndex Value="3"/>
        <TopLine Value="164"/>
        <CursorPos Y="178"/>
        <UsageCount Value="200"/>
        <Loaded Value="True"/>
      </Unit1>
      <Unit2>
        <Filename Value="C:\lazarus\lcl\forms.pp"/>
        <UnitName Value="Forms"/>
        <EditorIndex Value="-1"/>
        <TopLine Value="1855"/>
        <CursorPos X="3" Y="1872"/>
        <UsageCount Value="10"/>
      </Unit2>
      <Unit3>
        <Filename Value="uprojektedform.pas"/>
        <IsPartOfProject Value="True"/>
        <ComponentName Value="ProjektedForm"/>
        <HasResources Value="True"/>
        <ResourceBaseClass Value="Form"/>
        <UnitName Value="uProjektedForm"/>
        <EditorIndex Value="-1"/>
        <TopLine Value="399"/>
        <CursorPos X="3" Y="401"/>
        <UsageCount Value="200"/>
      </Unit3>
      <Unit4>
        <Filename Value="utxtar.pas"/>
        <IsPartOfProject Value="True"/>
        <UnitName Value="uTxTar"/>
        <EditorIndex Value="-1"/>
        <UsageCount Value="200"/>
      </Unit4>
      <Unit5>
        <Filename Value="uglobals.pas"/>
        <IsPartOfProject Value="True"/>
        <UnitName Value="uGlobals"/>
        <EditorIndex Value="-1"/>
        <TopLine Value="2758"/>
        <CursorPos X="29" Y="2784"/>
        <UsageCount Value="200"/>
      </Unit5>
      <Unit6>
        <Filename Value="..\Lib\uRoutines.pas"/>
        <EditorIndex Value="-1"/>
        <TopLine Value="111"/>
        <CursorPos X="11" Y="128"/>
        <UsageCount Value="15"/>
        <Bookmarks Count="1">
          <Item0 Y="107"/>
        </Bookmarks>
      </Unit6>
      <Unit7>
        <Filename Value="utxlist.pas"/>
        <IsPartOfProject Value="True"/>
        <UnitName Value="uTxList"/>
        <EditorIndex Value="-1"/>
        <TopLine Value="660"/>
        <CursorPos X="33" Y="676"/>
        <UsageCount Value="200"/>
      </Unit7>
      <Unit8>
        <Filename Value="udialst.pas"/>
        <IsPartOfProject Value="True"/>
        <UnitName Value="uDiaLst"/>
        <EditorIndex Value="-1"/>
        <TopLine Value="806"/>
        <CursorPos X="21" Y="830"/>
        <UsageCount Value="200"/>
      </Unit8>
      <Unit9>
        <Filename Value="upaintresizedtext.pas"/>
        <IsPartOfProject Value="True"/>
        <UnitName Value="uPaintResizedText"/>
        <EditorIndex Value="-1"/>
        <TopLine Value="510"/>
        <CursorPos X="43" Y="515"/>
        <UsageCount Value="200"/>
      </Unit9>
      <Unit10>
        <Filename Value="udtxlst.pas"/>
        <IsPartOfProject Value="True"/>
        <UnitName Value="uDtxLst"/>
        <EditorIndex Value="-1"/>
        <TopLine Value="415"/>
        <CursorPos X="3" Y="421"/>
        <UsageCount Value="200"/>
      </Unit10>
      <Unit11>
        <Filename Value="uaddone.pas"/>
        <IsPartOfProject Value="True"/>
        <ComponentName Value="AddOneForm"/>
        <HasResources Value="True"/>
        <ResourceBaseClass Value="Form"/>
        <UnitName Value="uAddOne"/>
        <EditorIndex Value="-1"/>
        <CursorPos Y="5"/>
        <UsageCount Value="200"/>
      </Unit11>
      <Unit12>
        <Filename Value="uadd.pas"/>
        <IsPartOfProject Value="True"/>
        <ComponentName Value="AddForm"/>
        <HasResources Value="True"/>
        <ResourceBaseClass Value="Form"/>
        <UnitName Value="uAdd"/>
        <EditorIndex Value="-1"/>
        <TopLine Value="815"/>
        <CursorPos Y="846"/>
        <UsageCount Value="200"/>
      </Unit12>
      <Unit13>
        <Filename Value="ueditorform.pas"/>
        <IsPartOfProject Value="True"/>
        <ComponentName Value="EditorForm"/>
        <HasResources Value="True"/>
        <ResourceBaseClass Value="Form"/>
        <UnitName Value="uEditorForm"/>
        <EditorIndex Value="-1"/>
        <TopLine Value="1005"/>
        <CursorPos X="11" Y="1021"/>
        <UsageCount Value="200"/>
      </Unit13>
      <Unit14>
        <Filename Value="usetupform.pas"/>
        <IsPartOfProject Value="True"/>
        <ComponentName Value="SetupForm"/>
        <HasResources Value="True"/>
        <ResourceBaseClass Value="Form"/>
        <UnitName Value="uSetupForm"/>
        <EditorIndex Value="-1"/>
        <TopLine Value="449"/>
        <CursorPos Y="17"/>
        <UsageCount Value="200"/>
      </Unit14>
      <Unit15>
        <Filename Value="ucommbtns.pas"/>
        <IsPartOfProject Value="True"/>
        <UnitName Value="uCommBtns"/>
        <EditorIndex Value="-1"/>
        <TopLine Value="978"/>
        <CursorPos Y="1009"/>
        <UsageCount Value="200"/>
      </Unit15>
      <Unit16>
        <Filename Value="usetupprofil.pas"/>
        <IsPartOfProject Value="True"/>
        <ComponentName Value="SetupProfilForm"/>
        <ResourceBaseClass Value="Form"/>
        <UnitName Value="uSetupProfil"/>
        <EditorIndex Value="-1"/>
        <CursorPos Y="5"/>
        <UsageCount Value="201"/>
      </Unit16>
      <Unit17>
        <Filename Value="uselectprofil.pas"/>
        <IsPartOfProject Value="True"/>
        <ComponentName Value="SelectProfilForm"/>
        <ResourceBaseClass Value="Form"/>
        <UnitName Value="uSelectProfil"/>
        <EditorIndex Value="-1"/>
        <CursorPos Y="5"/>
        <UsageCount Value="201"/>
      </Unit17>
      <Unit18>
        <Filename Value="ugetpsw.pas"/>
        <IsPartOfProject Value="True"/>
        <ComponentName Value="GetPswForm"/>
        <ResourceBaseClass Value="Form"/>
        <UnitName Value="uGetPsw"/>
        <EditorIndex Value="-1"/>
        <CursorPos Y="5"/>
        <UsageCount Value="200"/>
      </Unit18>
      <Unit19>
        <Filename Value="urotatebmp.pas"/>
        <IsPartOfProject Value="True"/>
        <UnitName Value="uRotateBmp"/>
        <EditorIndex Value="-1"/>
        <CursorPos Y="5"/>
        <UsageCount Value="200"/>
      </Unit19>
      <Unit20>
        <Filename Value="todo.txt"/>
        <IsPartOfProject Value="True"/>
        <CursorPos X="20" Y="9"/>
        <UsageCount Value="200"/>
        <Loaded Value="True"/>
        <DefaultSyntaxHighlighter Value="Text"/>
      </Unit20>
      <Unit21>
        <Filename Value="unetwork.pas"/>
        <IsPartOfProject Value="True"/>
        <UnitName Value="uNetwork"/>
        <EditorIndex Value="-1"/>
        <TopLine Value="435"/>
        <CursorPos X="64" Y="445"/>
        <UsageCount Value="200"/>
      </Unit21>
      <Unit22>
        <Filename Value="ushutdown.pas"/>
        <IsPartOfProject Value="True"/>
        <UnitName Value="uShutdown"/>
        <EditorIndex Value="-1"/>
        <CursorPos Y="5"/>
        <UsageCount Value="200"/>
      </Unit22>
      <Unit23>
        <Filename Value="uhintform.pas"/>
        <IsPartOfProject Value="True"/>
        <ComponentName Value="HintForm"/>
        <ResourceBaseClass Value="Form"/>
        <UnitName Value="uHintForm"/>
        <EditorIndex Value="-1"/>
        <TopLine Value="69"/>
        <CursorPos X="36" Y="84"/>
        <UsageCount Value="200"/>
      </Unit23>
      <Unit24>
        <Filename Value="umonitors.pas"/>
        <IsPartOfProject Value="True"/>
        <UnitName Value="uMonitors"/>
        <EditorIndex Value="-1"/>
        <TopLine Value="225"/>
        <CursorPos X="55" Y="242"/>
        <UsageCount Value="200"/>
      </Unit24>
      <Unit25>
        <Filename Value="urtf.pas"/>
        <IsPartOfProject Value="True"/>
        <UnitName Value="uRTF"/>
        <EditorIndex Value="-1"/>
        <TopLine Value="495"/>
        <CursorPos X="46" Y="529"/>
        <UsageCount Value="201"/>
      </Unit25>
      <Unit26>
        <Filename Value="ukeys.pas"/>
        <IsPartOfProject Value="True"/>
        <UnitName Value="uKeys"/>
        <EditorIndex Value="-1"/>
        <TopLine Value="187"/>
        <CursorPos X="25" Y="203"/>
        <UsageCount Value="201"/>
      </Unit26>
      <Unit27>
        <Filename Value="ukeyinputform.pas"/>
        <IsPartOfProject Value="True"/>
        <ComponentName Value="KeyInputForm"/>
        <ResourceBaseClass Value="Form"/>
        <UnitName Value="uKeyInputForm"/>
        <EditorIndex Value="-1"/>
        <CursorPos Y="5"/>
        <UsageCount Value="210"/>
      </Unit27>
      <Unit28>
        <Filename Value="usymbolform.pas"/>
        <IsPartOfProject Value="True"/>
        <ComponentName Value="SymbolForm"/>
        <HasResources Value="True"/>
        <ResourceBaseClass Value="Form"/>
        <UnitName Value="uSymbolForm"/>
        <EditorIndex Value="-1"/>
        <CursorPos Y="5"/>
        <UsageCount Value="200"/>
      </Unit28>
      <Unit29>
        <Filename Value="usound.pas"/>
        <IsPartOfProject Value="True"/>
        <UnitName Value="uSound"/>
        <EditorIndex Value="-1"/>
        <CursorPos Y="5"/>
        <UsageCount Value="202"/>
      </Unit29>
      <Unit30>
        <Filename Value="upropedit.pas"/>
        <IsPartOfProject Value="True"/>
        <ComponentName Value="PropEditForm"/>
        <HasResources Value="True"/>
        <ResourceBaseClass Value="Form"/>
        <UnitName Value="uPropEdit"/>
        <EditorIndex Value="-1"/>
        <TopLine Value="476"/>
        <CursorPos X="26" Y="477"/>
        <UsageCount Value="200"/>
      </Unit30>
      <Unit31>
        <Filename Value="usetupdtx.pas"/>
        <IsPartOfProject Value="True"/>
        <ComponentName Value="SetupDtxForm"/>
        <ResourceBaseClass Value="Form"/>
        <UnitName Value="uSetupDtx"/>
        <EditorIndex Value="-1"/>
        <CursorPos Y="5"/>
        <UsageCount Value="200"/>
      </Unit31>
      <Unit32>
        <Filename Value="udtxflagslist.pas"/>
        <IsPartOfProject Value="True"/>
        <UnitName Value="uDtxFlagsList"/>
        <EditorIndex Value="-1"/>
        <TopLine Value="166"/>
        <CursorPos X="14" Y="58"/>
        <UsageCount Value="200"/>
      </Unit32>
      <Unit33>
        <Filename Value="uakkord.pas"/>
        <IsPartOfProject Value="True"/>
        <UnitName Value="uAkkord"/>
        <EditorIndex Value="-1"/>
        <TopLine Value="260"/>
        <CursorPos X="3" Y="264"/>
        <UsageCount Value="201"/>
      </Unit33>
      <Unit34>
        <Filename Value="fileformats.txt"/>
        <IsPartOfProject Value="True"/>
        <EditorIndex Value="-1"/>
        <CursorPos X="88" Y="28"/>
        <UsageCount Value="222"/>
        <DefaultSyntaxHighlighter Value="None"/>
      </Unit34>
      <Unit35>
        <Filename Value="unetbase.pas"/>
        <IsPartOfProject Value="True"/>
        <UnitName Value="uNetBase"/>
        <EditorIndex Value="-1"/>
        <TopLine Value="603"/>
        <CursorPos X="22" Y="443"/>
        <UsageCount Value="201"/>
      </Unit35>
      <Unit36>
        <Filename Value="userialio.pas"/>
        <IsPartOfProject Value="True"/>
        <UnitName Value="uSerialIO"/>
        <EditorIndex Value="-1"/>
        <CursorPos Y="5"/>
        <UsageCount Value="200"/>
      </Unit36>
      <Unit37>
        <Filename Value="unetqueue.pas"/>
        <IsPartOfProject Value="True"/>
        <UnitName Value="uNetQueue"/>
        <EditorIndex Value="-1"/>
        <TopLine Value="110"/>
        <CursorPos X="33" Y="124"/>
        <UsageCount Value="200"/>
      </Unit37>
      <Unit38>
        <Filename Value="unetoffdlg.pas"/>
        <IsPartOfProject Value="True"/>
        <ComponentName Value="NetOffDlg"/>
        <ResourceBaseClass Value="Form"/>
        <UnitName Value="uNetOffDlg"/>
        <EditorIndex Value="-1"/>
        <CursorPos Y="5"/>
        <UsageCount Value="200"/>
      </Unit38>
      <Unit39>
        <Filename Value="uakkordform.pas"/>
        <IsPartOfProject Value="True"/>
        <ComponentName Value="AkkordForm"/>
        <ResourceBaseClass Value="Form"/>
        <UnitName Value="uAkkordForm"/>
        <EditorIndex Value="-1"/>
        <CursorPos Y="5"/>
        <UsageCount Value="201"/>
      </Unit39>
      <Unit40>
        <Filename Value="usearchform.pas"/>
        <IsPartOfProject Value="True"/>
        <ComponentName Value="SearchForm"/>
        <HasResources Value="True"/>
        <ResourceBaseClass Value="Form"/>
        <UnitName Value="uSearchForm"/>
        <EditorIndex Value="-1"/>
        <TopLine Value="245"/>
        <CursorPos Y="279"/>
        <UsageCount Value="200"/>
      </Unit40>
      <Unit41>
        <Filename Value="userialioform.pas"/>
        <IsPartOfProject Value="True"/>
        <ComponentName Value="SerialIOForm"/>
        <ResourceBaseClass Value="Form"/>
        <UnitName Value="uSerialIOForm"/>
        <EditorIndex Value="-1"/>
        <CursorPos Y="5"/>
        <UsageCount Value="202"/>
      </Unit41>
      <Unit42>
        <Filename Value="ukottazo.pas"/>
        <IsPartOfProject Value="True"/>
        <UnitName Value="uKottazo"/>
        <EditorIndex Value="-1"/>
        <TopLine Value="847"/>
        <CursorPos X="74" Y="854"/>
        <UsageCount Value="200"/>
      </Unit42>
      <Unit43>
        <Filename Value="kottakepek.inc"/>
        <IsPartOfProject Value="True"/>
        <EditorIndex Value="-1"/>
        <TopLine Value="2274"/>
        <CursorPos X="7" Y="2300"/>
        <UsageCount Value="200"/>
      </Unit43>
      <Unit44>
        <Filename Value="ukottakepek.pas"/>
        <IsPartOfProject Value="True"/>
        <UnitName Value="uKottaKepek"/>
        <EditorIndex Value="-1"/>
        <TopLine Value="256"/>
        <CursorPos X="49" Y="135"/>
        <UsageCount Value="200"/>
      </Unit44>
      <Unit45>
        <Filename Value="ukottaeditor.pas"/>
        <IsPartOfProject Value="True"/>
        <ComponentName Value="KottaForm"/>
        <HasResources Value="True"/>
        <ResourceBaseClass Value="Form"/>
        <UnitName Value="uKottaEditor"/>
        <EditorIndex Value="-1"/>
        <TopLine Value="438"/>
        <CursorPos X="39" Y="448"/>
        <UsageCount Value="200"/>
      </Unit45>
      <Unit46>
        <Filename Value="reklamlogo.inc"/>
        <IsPartOfProject Value="True"/>
        <EditorIndex Value="-1"/>
        <UsageCount Value="200"/>
      </Unit46>
      <Unit47>
        <Filename Value="uhowtosaveform.pas"/>
        <IsPartOfProject Value="True"/>
        <ComponentName Value="HowToSaveForm"/>
        <ResourceBaseClass Value="Form"/>
        <UnitName Value="uHowToSaveForm"/>
        <EditorIndex Value="-1"/>
        <CursorPos Y="5"/>
        <UsageCount Value="201"/>
      </Unit47>
      <Unit48>
        <Filename Value="ufotoform.pas"/>
        <IsPartOfProject Value="True"/>
        <ComponentName Value="FotoForm"/>
        <HasResources Value="True"/>
        <ResourceBaseClass Value="Form"/>
        <UnitName Value="uFotoForm"/>
        <EditorIndex Value="-1"/>
        <CursorPos Y="5"/>
        <UsageCount Value="200"/>
      </Unit48>
      <Unit49>
        <Filename Value="umyfiledlgs.pas"/>
        <IsPartOfProject Value="True"/>
        <UnitName Value="uMyFileDlgs"/>
        <EditorIndex Value="-1"/>
        <TopLine Value="222"/>
        <CursorPos X="19" Y="225"/>
        <UsageCount Value="207"/>
      </Unit49>
      <Unit50>
        <Filename Value="umainmenu.pas"/>
        <IsPartOfProject Value="True"/>
        <UnitName Value="uMainMenu"/>
        <EditorIndex Value="-1"/>
        <TopLine Value="96"/>
        <CursorPos X="3" Y="98"/>
        <UsageCount Value="202"/>
      </Unit50>
      <Unit51>
        <Filename Value="umain.pas"/>
        <IsPartOfProject Value="True"/>
        <ComponentName Value="MainForm"/>
        <HasResources Value="True"/>
        <ResourceBaseClass Value="Form"/>
        <UnitName Value="uMain"/>
        <EditorIndex Value="1"/>
        <TopLine Value="2925"/>
        <CursorPos X="23" Y="2939"/>
        <UsageCount Value="200"/>
        <Loaded Value="True"/>
        <LoadedDesigner Value="True"/>
      </Unit51>
      <Unit52>
        <Filename Value="udialoadsave.pas"/>
        <IsPartOfProject Value="True"/>
        <UnitName Value="uDiaLoadSave"/>
        <EditorIndex Value="-1"/>
        <TopLine Value="58"/>
        <CursorPos X="43" Y="73"/>
        <UsageCount Value="204"/>
      </Unit52>
      <Unit53>
        <Filename Value="uselgototarget.pas"/>
        <IsPartOfProject Value="True"/>
        <HasResources Value="True"/>
        <UnitName Value="uSelGotoTarget"/>
        <EditorIndex Value="-1"/>
        <CursorPos Y="5"/>
        <UsageCount Value="202"/>
      </Unit53>
      <Unit54>
        <Filename Value="udiatariniloader.pas"/>
        <IsPartOfProject Value="True"/>
        <UnitName Value="uDiatarIniLoader"/>
        <EditorIndex Value="-1"/>
        <TopLine Value="62"/>
        <CursorPos X="34" Y="68"/>
        <UsageCount Value="202"/>
      </Unit54>
      <Unit55>
        <Filename Value="winuser.pas"/>
        <IsPartOfProject Value="True"/>
        <UnitName Value="WinUser"/>
        <EditorIndex Value="-1"/>
        <CursorPos Y="22"/>
        <UsageCount Value="200"/>
      </Unit55>
      <Unit56>
        <Filename Value="utxtatom.pas"/>
        <IsPartOfProject Value="True"/>
        <UnitName Value="uTxtAtom"/>
        <EditorIndex Value="-1"/>
        <TopLine Value="311"/>
        <CursorPos Y="327"/>
        <UsageCount Value="223"/>
      </Unit56>
      <Unit57>
        <Filename Value="uzsolozsmaform.pas"/>
        <IsPartOfProject Value="True"/>
        <ComponentName Value="ZsolozsmaForm"/>
        <HasResources Value="True"/>
        <ResourceBaseClass Value="Form"/>
        <UnitName Value="uZsolozsmaForm"/>
        <EditorIndex Value="-1"/>
        <TopLine Value="227"/>
        <CursorPos X="14" Y="234"/>
        <UsageCount Value="264"/>
      </Unit57>
      <Unit58>
        <Filename Value="uDecodeBreviar.pas"/>
        <IsPartOfProject Value="True"/>
        <EditorIndex Value="-1"/>
        <UsageCount Value="264"/>
      </Unit58>
      <Unit59>
        <Filename Value="uHtml.pas"/>
        <IsPartOfProject Value="True"/>
        <EditorIndex Value="-1"/>
        <UsageCount Value="264"/>
      </Unit59>
      <Unit60>
        <Filename Value="umqtt.pas"/>
        <IsPartOfProject Value="True"/>
        <UnitName Value="uMQTT"/>
        <EditorIndex Value="-1"/>
        <CursorPos X="13" Y="43"/>
        <UsageCount Value="211"/>
      </Unit60>
      <Unit61>
        <Filename Value="umqtt_io.pas"/>
        <IsPartOfProject Value="True"/>
        <UnitName Value="uMQTT_IO"/>
        <EditorIndex Value="-1"/>
        <TopLine Value="489"/>
        <CursorPos X="19" Y="512"/>
        <UsageCount Value="211"/>
      </Unit61>
      <Unit62>
        <Filename Value="C:\lazarus\components\lazutils\lazutf8.pas"/>
        <UnitName Value="LazUTF8"/>
        <EditorIndex Value="-1"/>
        <TopLine Value="28"/>
        <CursorPos X="10" Y="45"/>
        <UsageCount Value="10"/>
      </Unit62>
      <Unit63>
        <Filename Value="D:\DT\lnet\lib\lnet.pp"/>
        <UnitName Value="lNet"/>
        <EditorIndex Value="-1"/>
        <TopLine Value="298"/>
        <CursorPos X="3" Y="348"/>
        <UsageCount Value="1"/>
      </Unit63>
      <Unit64>
        <Filename Value="..\lnet\lazaruspackage\lnetcomponents.pas"/>
        <UnitName Value="lNetComponents"/>
        <EditorIndex Value="-1"/>
        <TopLine Value="28"/>
        <CursorPos X="28" Y="39"/>
        <UsageCount Value="1"/>
      </Unit64>
      <Unit65>
        <Filename Value="umqttform.pas"/>
        <IsPartOfProject Value="True"/>
        <ComponentName Value="MqttForm"/>
        <HasResources Value="True"/>
        <ResourceBaseClass Value="Form"/>
        <UnitName Value="uMqttForm"/>
        <IsVisibleTab Value="True"/>
        <EditorIndex Value="2"/>
        <TopLine Value="73"/>
        <CursorPos X="55" Y="98"/>
        <UsageCount Value="22"/>
        <Loaded Value="True"/>
        <LoadedDesigner Value="True"/>
      </Unit65>
    </Units>
    <JumpHistory Count="30" HistoryIndex="29">
      <Position1>
        <Filename Value="umqttform.pas"/>
        <Caret Line="92" Column="8" TopLine="64"/>
      </Position1>
      <Position2>
        <Filename Value="umqttform.pas"/>
        <Caret Line="91" Column="8" TopLine="63"/>
      </Position2>
      <Position3>
        <Filename Value="umqttform.pas"/>
        <Caret Line="90" Column="8" TopLine="62"/>
      </Position3>
      <Position4>
        <Filename Value="umqttform.pas"/>
        <Caret Line="89" Column="8" TopLine="61"/>
      </Position4>
      <Position5>
        <Filename Value="umqttform.pas"/>
        <Caret Line="88" Column="8" TopLine="60"/>
      </Position5>
      <Position6>
        <Filename Value="umqttform.pas"/>
        <Caret Line="87" Column="8" TopLine="59"/>
      </Position6>
      <Position7>
        <Filename Value="umqttform.pas"/>
        <Caret Line="86" Column="8" TopLine="58"/>
      </Position7>
      <Position8>
        <Filename Value="umqttform.pas"/>
        <Caret Line="85" Column="8" TopLine="57"/>
      </Position8>
      <Position9>
        <Filename Value="umqttform.pas"/>
        <Caret Line="84" Column="8" TopLine="56"/>
      </Position9>
      <Position10>
        <Filename Value="umqttform.pas"/>
        <Caret Line="83" Column="8" TopLine="55"/>
      </Position10>
      <Position11>
        <Filename Value="umqttform.pas"/>
        <Caret Line="82" Column="8" TopLine="54"/>
      </Position11>
      <Position12>
        <Filename Value="umqttform.pas"/>
        <Caret Line="81" Column="8" TopLine="53"/>
      </Position12>
      <Position13>
        <Filename Value="umqttform.pas"/>
        <Caret Line="80" Column="8" TopLine="52"/>
      </Position13>
      <Position14>
        <Filename Value="umqttform.pas"/>
        <Caret Line="79" Column="8" TopLine="51"/>
      </Position14>
      <Position15>
        <Filename Value="umqttform.pas"/>
        <Caret Line="78" Column="8" TopLine="50"/>
      </Position15>
      <Position16>
        <Filename Value="umqttform.pas"/>
        <Caret Line="77" Column="8" TopLine="49"/>
      </Position16>
      <Position17>
        <Filename Value="umqttform.pas"/>
        <Caret Line="76" Column="8" TopLine="48"/>
      </Position17>
      <Position18>
        <Filename Value="umqttform.pas"/>
        <Caret Line="75" Column="8" TopLine="47"/>
      </Position18>
      <Position19>
        <Filename Value="umqttform.pas"/>
        <Caret Line="74" Column="8" TopLine="46"/>
      </Position19>
      <Position20>
        <Filename Value="umqttform.pas"/>
        <Caret Line="73" Column="8" TopLine="45"/>
      </Position20>
      <Position21>
        <Filename Value="umqttform.pas"/>
        <Caret Line="74" Column="8" TopLine="46"/>
      </Position21>
      <Position22>
        <Filename Value="umqttform.pas"/>
        <Caret Line="75" Column="8" TopLine="47"/>
      </Position22>
      <Position23>
        <Filename Value="umqttform.pas"/>
        <Caret Line="76" Column="8" TopLine="48"/>
      </Position23>
      <Position24>
        <Filename Value="umqttform.pas"/>
        <Caret Line="77" Column="8" TopLine="49"/>
      </Position24>
      <Position25>
        <Filename Value="umqttform.pas"/>
        <Caret Line="76" Column="8" TopLine="48"/>
      </Position25>
      <Position26>
        <Filename Value="umqttform.pas"/>
        <Caret Line="77" Column="8" TopLine="49"/>
      </Position26>
      <Position27>
        <Filename Value="umqttform.pas"/>
        <Caret Line="86" Column="8" TopLine="55"/>
      </Position27>
      <Position28>
        <Filename Value="umqttform.pas"/>
        <Caret Line="88" Column="29" TopLine="57"/>
      </Position28>
      <Position29>
        <Filename Value="umqttform.pas"/>
        <Caret Line="94" Column="28" TopLine="70"/>
      </Position29>
      <Position30>
        <Filename Value="umqttform.pas"/>
        <Caret Line="97" Column="55" TopLine="72"/>
      </Position30>
    </JumpHistory>
  </ProjectOptions>
  <CompilerOptions>
    <Version Value="11"/>
    <PathDelim Value="\"/>
    <Target>
      <Filename Value=".\Diatar64"/>
    </Target>
    <SearchPaths>
      <Libraries Value="f:\Lazarus\lnet\lib\"/>
      <OtherUnitFiles Value="..\lib;..\lnet\lazaruspackage"/>
      <UnitOutputDirectory Value="f:\Lazarus\out"/>
    </SearchPaths>
    <Parsing>
      <SyntaxOptions>
        <CStyleOperator Value="False"/>
        <UseAnsiStrings Value="False"/>
      </SyntaxOptions>
    </Parsing>
    <CodeGeneration>
      <SmartLinkUnit Value="True"/>
      <Checks>
        <StackChecks Value="True"/>
      </Checks>
      <TargetCPU Value="x86_64"/>
      <TargetOS Value="win64"/>
    </CodeGeneration>
    <Linking>
      <Debugging>
        <DebugInfoType Value="dsDwarf2Set"/>
      </Debugging>
    </Linking>
    <Other>
      <WriteFPCLogo Value="False"/>
      <CustomOptions Value="-dFPC_OS_UNICODE"/>
    </Other>
  </CompilerOptions>
  <Debugging>
    <Watches Count="1">
      <Item1>
        <Expression Value="Line[se-1]"/>
      </Item1>
    </Watches>
    <Exceptions Count="4">
      <Item1>
        <Name Value="ECodetoolError"/>
      </Item1>
      <Item2>
        <Name Value="EFOpenError"/>
      </Item2>
      <Item3>
        <Name Value="EAbort"/>
      </Item3>
      <Item4>
        <Name Value="EReadError"/>
      </Item4>
    </Exceptions>
  </Debugging>
</CONFIG>
